{
  "projects": [
    {
      "projectId": "58GpZjZCWTaJ8AUhpCwt2K",
      "version": "3.18.0",
      "dependencies": {},
      "lang": "ts",
      "fileLocks": [
        {
          "assetId": "58GpZjZCWTaJ8AUhpCwt2K",
          "type": "projectCss",
          "checksum": "fd84921cc10936e6ceb458c2ae01c4bd"
        }
      ],
      "codegenVersion": "0.0.1"
    },
    {
      "projectId": "szjgMQpPpxhmkjnaBvZQJG",
      "version": "2.18.0",
      "dependencies": {},
      "lang": "ts",
      "fileLocks": [
        {
          "assetId": "szjgMQpPpxhmkjnaBvZQJG",
          "type": "projectCss",
          "checksum": "29b90e78e5c36e5dc978e0c572d9fc75"
        }
      ],
      "codegenVersion": "0.0.1"
    },
    {
      "projectId": "sJW2SjvbA4LuFhHrBsyfEH",
      "version": "latest",
      "dependencies": {
        "szjgMQpPpxhmkjnaBvZQJG": "2.18.0",
        "58GpZjZCWTaJ8AUhpCwt2K": "3.18.0",
        "2vr9hQFY2mN9rEqhWxcPmu": "1.20.0"
      },
      "lang": "ts",
      "fileLocks": [
        {
          "type": "globalVariant",
          "assetId": "943uUhC-MFQSG",
          "checksum": "3165025bb2a4c40c4714cf9b6965fdac"
        },
        {
          "type": "renderModule",
          "assetId": "VuN4Vj5UkyvQa",
          "checksum": "1326e14a17f6050abe72dd60034257d9"
        },
        {
          "type": "cssRules",
          "assetId": "VuN4Vj5UkyvQa",
          "checksum": "1326e14a17f6050abe72dd60034257d9"
        },
        {
          "type": "renderModule",
          "assetId": "qroDzoOns2",
          "checksum": "19b190bf1367e97e8dedc4cf22e881b8"
        },
        {
          "type": "cssRules",
          "assetId": "qroDzoOns2",
          "checksum": "19b190bf1367e97e8dedc4cf22e881b8"
        },
        {
          "type": "renderModule",
          "assetId": "2tWVC6Xhmwx",
          "checksum": "6876c6935464ba0618bdb184ec24a198"
        },
        {
          "type": "cssRules",
          "assetId": "2tWVC6Xhmwx",
          "checksum": "6876c6935464ba0618bdb184ec24a198"
        },
        {
          "type": "renderModule",
          "assetId": "hx5Zt00vBr",
          "checksum": "d477bcf8cde31a62670903836a42c1b5"
        },
        {
          "type": "cssRules",
          "assetId": "hx5Zt00vBr",
          "checksum": "d477bcf8cde31a62670903836a42c1b5"
        },
        {
          "type": "icon",
          "assetId": "Amok0_pLidVdv",
          "checksum": "916ec05da42915af2698ea55d7640a9d"
        },
        {
          "type": "icon",
          "assetId": "PNrLMBUfVZ-Fj",
          "checksum": "987926440462d88226e347f56816ea53"
        },
        {
          "type": "icon",
          "assetId": "r8JayDPRlkYjs",
          "checksum": "43a78dd9d72295953009ff265169d3ab"
        },
        {
          "type": "icon",
          "assetId": "4_qxU2BrvDZ",
          "checksum": "5daf272fb729cf4af364f92d4acf8e19"
        },
        {
          "type": "icon",
          "assetId": "MQfOR7idPXy",
          "checksum": "569cda5df418bad2337181db9b773f03"
        },
        {
          "type": "icon",
          "assetId": "dNovjR86D5",
          "checksum": "437afe323af36c1294ae74da73a34625"
        },
        {
          "type": "icon",
          "assetId": "67Imrh2ba",
          "checksum": "82960f0715c0b67d25914431bb7cadcc"
        },
        {
          "type": "image",
          "assetId": "9FfEI69E_",
          "checksum": "445ed353972532df3b4e10111714156e"
        },
        {
          "type": "image",
          "assetId": "2Mn14dalQv",
          "checksum": "e8d36be74f010e707dde419064e1e714"
        },
        {
          "type": "image",
          "assetId": "Up_nF59oem",
          "checksum": "b08b85b6689e47ffe3464b8baf7183c8"
        },
        {
          "type": "image",
          "assetId": "s_L8eZF8bX",
          "checksum": "362a6932247cada77c72dbd215e9c66a"
        },
        {
          "type": "image",
          "assetId": "Pn-SwQUERp",
          "checksum": "a5a3859e9328b56e769b0e15afe88244"
        },
        {
          "type": "image",
          "assetId": "xw2MH-rchN",
          "checksum": "5a1aa900c1d1d024bc5cad4978c2a103"
        },
        {
          "type": "image",
          "assetId": "1c0bh5V8Bb",
          "checksum": "554cc39a03ec21df1b273af72dd73ad5"
        },
        {
          "type": "image",
          "assetId": "p8gNcOvToO",
          "checksum": "a2d1f88cdc46e46df025d3db90138b6d"
        },
        {
          "type": "image",
          "assetId": "FQQezANf-i",
          "checksum": "2e7baf8d346d0f959131b6c5b3f7b5f1"
        },
        {
          "type": "image",
          "assetId": "9N5EJ-4qp5",
          "checksum": "55c04bb9ff85e83030fc29bfe2927862"
        },
        {
          "type": "image",
          "assetId": "KJkatJg-D9",
          "checksum": "4785127a4d519229e68d8311b98d8882"
        },
        {
          "type": "image",
          "assetId": "zH0Lwx2TpX",
          "checksum": "b275087c73849fe120df540955877241"
        },
        {
          "type": "image",
          "assetId": "tQxq5NPiOd",
          "checksum": "17ab3922ab87b77b019627e9ecf3f498"
        },
        {
          "assetId": "sJW2SjvbA4LuFhHrBsyfEH",
          "checksum": "0112bc576bf2c8bacc03e1c30e9c0dad",
          "type": "globalContexts"
        },
        {
          "type": "renderModule",
          "assetId": "ktUZWyedPGv",
          "checksum": "b413fdc12dd9f6ea5984ab5421cbf562"
        },
        {
          "type": "cssRules",
          "assetId": "ktUZWyedPGv",
          "checksum": "b413fdc12dd9f6ea5984ab5421cbf562"
        },
        {
          "type": "renderModule",
          "assetId": "N0wwUZYvk9",
          "checksum": "9f739a63916ea4262e0d7ad339a52144"
        },
        {
          "type": "cssRules",
          "assetId": "N0wwUZYvk9",
          "checksum": "9f739a63916ea4262e0d7ad339a52144"
        },
        {
          "type": "renderModule",
          "assetId": "DiDoqGTUiD",
          "checksum": "967483aa8f7463bce7bc96d17d478cad"
        },
        {
          "type": "cssRules",
          "assetId": "DiDoqGTUiD",
          "checksum": "967483aa8f7463bce7bc96d17d478cad"
        },
        {
          "type": "icon",
          "assetId": "-qc32TnM-nH",
          "checksum": "ec26ee220a6de4b8e70eb8ee54866795"
        },
        {
          "type": "icon",
          "assetId": "TmkHknhpq",
          "checksum": "2dd189b3bc17b5a7b8b91a41534c0299"
        },
        {
          "type": "icon",
          "assetId": "vzMPlCD7WG",
          "checksum": "14c0803377a44c8ca7a806615c701bd3"
        },
        {
          "type": "icon",
          "assetId": "KuUdQXtW5Z",
          "checksum": "56dc93649300d4594d36870f34826afa"
        },
        {
          "type": "icon",
          "assetId": "C39nd31LWr",
          "checksum": "62ecd3da0bd38d111ad81853223d330e"
        },
        {
          "type": "icon",
          "assetId": "11dRB3T7lr",
          "checksum": "9ba8cb0b3f1de385ad4b8b7a50da90f3"
        },
        {
          "type": "icon",
          "assetId": "eLFd47-nlA",
          "checksum": "3e8bf546c2439384dffdd67f9693cf92"
        },
        {
          "type": "icon",
          "assetId": "s5AeI8nxi1",
          "checksum": "34fa64f4506397f3af6d6e8074719ff8"
        },
        {
          "type": "icon",
          "assetId": "h462JF4Tbe",
          "checksum": "edc8659af69254239d4dd3128aba5086"
        },
        {
          "type": "icon",
          "assetId": "h3NRibcMT",
          "checksum": "2555e27384fee574b26c938b71e586cf"
        },
        {
          "type": "icon",
          "assetId": "fW5j-3Vqad",
          "checksum": "b14ec73024d508bae8ba102d3451f71d"
        },
        {
          "type": "icon",
          "assetId": "wXhrpanZ_1",
          "checksum": "87fbf2f46b63f7d5c977ff60c70d3463"
        },
        {
          "type": "icon",
          "assetId": "CI025BdZPb",
          "checksum": "d29a846846e35e916c0b5c05e26c054e"
        },
        {
          "type": "icon",
          "assetId": "WGajEhxxAc",
          "checksum": "b68c324f3c430a0a2c31ff4aae2b5b32"
        },
        {
          "type": "icon",
          "assetId": "L0gtCNXBM8",
          "checksum": "a3a6a7fbeae59d73305995369c63b116"
        },
        {
          "type": "icon",
          "assetId": "CgDr0Ll_y3",
          "checksum": "7c9bf0daf14f4715da04ee2be97dc872"
        },
        {
          "type": "icon",
          "assetId": "kY5JJ6PR4",
          "checksum": "87c2e4a14e63c239002cefbda612619e"
        },
        {
          "type": "icon",
          "assetId": "zf_DHnfyXP",
          "checksum": "0cd47b132a765c16e71e3bae5ebab89d"
        },
        {
          "type": "icon",
          "assetId": "gu_fjzgP1W",
          "checksum": "49dabf3d96d4d6f51b1cf561e7e63302"
        },
        {
          "type": "icon",
          "assetId": "7EoLVG_kCR",
          "checksum": "6eb4629e1d16ec984527f42ab0af2211"
        },
        {
          "type": "image",
          "assetId": "rqSlXDSwk",
          "checksum": "d809022d71f8f8fe58e8dbe22c623a29"
        },
        {
          "type": "image",
          "assetId": "3DNxZgayuy",
          "checksum": "ff92761e927568718c6160d021c196e0"
        },
        {
          "type": "image",
          "assetId": "Xte0cJ39Jx",
          "checksum": "d8352b8e79e46e4619b36c4543795bab"
        },
        {
          "type": "image",
          "assetId": "LIybeBghK",
          "checksum": "8ea2c34a4773fc787ed21667eea458bf"
        },
        {
          "type": "image",
          "assetId": "VZjzdlL9at",
          "checksum": "2e8ecb26c299fe0242d985e0c326789d"
        },
        {
          "type": "image",
          "assetId": "PRqzJ0OXzn",
          "checksum": "5aabe757df12471b4f6b31017132c9c2"
        },
        {
          "type": "image",
          "assetId": "nsqrABbxi",
          "checksum": "4aa2395fbbb701436947207fd782cade"
        },
        {
          "type": "image",
          "assetId": "Q8HEUzOhF-",
          "checksum": "672d53eb2a49c51eaf572f73b7ddca40"
        },
        {
          "type": "image",
          "assetId": "q67VDisC2",
          "checksum": "a9ad8e477ad02af6f9d049c7d2111b90"
        },
        {
          "type": "image",
          "assetId": "fWRa8FmPW",
          "checksum": "d7e73845cd949cace04ff330f741088a"
        },
        {
          "type": "image",
          "assetId": "TSRfw8Efl",
          "checksum": "669ffd05c1f2412c677556388ee00a0a"
        },
        {
          "type": "image",
          "assetId": "TwfgTT-7w",
          "checksum": "9f3481e5b68bd2162d19c374bd088cf5"
        },
        {
          "type": "image",
          "assetId": "ZQWDAsYBq",
          "checksum": "1025dc6125c0d811548043d70b0c0dcf"
        },
        {
          "type": "image",
          "assetId": "BEG4pkDLy",
          "checksum": "9aa1e58a6036933448dc153c46e6bcdc"
        },
        {
          "type": "image",
          "assetId": "ZyKS67SBE",
          "checksum": "1b588d6b2a08533d6bff6b92e8bb6f04"
        },
        {
          "type": "image",
          "assetId": "PuqjQcwy0",
          "checksum": "4f0e1a7825609874d06d541b888ecb54"
        },
        {
          "type": "image",
          "assetId": "LfnpAOA8q",
          "checksum": "f53c42b2adf80a5e58e6ba3300b3660e"
        },
        {
          "type": "image",
          "assetId": "ScqwC7NnXu",
          "checksum": "e02abecd99c4cbb15356e78387d3e5b3"
        },
        {
          "type": "image",
          "assetId": "fHOvt2ogf",
          "checksum": "a1fd270b2523a1a454dbb7731c3deb25"
        },
        {
          "type": "image",
          "assetId": "40EqlHVdw5",
          "checksum": "5dbc287a626e8b13c742510dd1c095ed"
        },
        {
          "type": "image",
          "assetId": "Cvw5aPzow",
          "checksum": "cb655a403736e5a980004fa14962954c"
        },
        {
          "type": "image",
          "assetId": "PfjR3x9Bba",
          "checksum": "90f3b7181c6c84df4f4c3a7216b16b24"
        },
        {
          "type": "image",
          "assetId": "D181GzWxu",
          "checksum": "919aafd40296cf5d3f10a1f27bd5f05e"
        },
        {
          "type": "image",
          "assetId": "8cjIHA__Od",
          "checksum": "80ddaf55e8330e301a7ca6ed4e353cb4"
        },
        {
          "type": "image",
          "assetId": "fTwf5-1Q1",
          "checksum": "2194d4c7dc26ce0629728f85054c8be7"
        },
        {
          "type": "image",
          "assetId": "UQ17Hdifr",
          "checksum": "7c65289e085c18eba485608eb0ccf84f"
        },
        {
          "type": "image",
          "assetId": "w57xn4C9L",
          "checksum": "3c70ecbb812b6db687cc00fc5cdaab62"
        },
        {
          "type": "image",
          "assetId": "K2AEXTHXy",
          "checksum": "c2cb4a874d13613cf6be3dac688a7148"
        },
        {
          "type": "image",
          "assetId": "9WqwpCpLLb",
          "checksum": "378020640a70a0d2423c0a3c475ca842"
        },
        {
          "type": "image",
          "assetId": "RJtYHEk2h",
          "checksum": "31e0086ab7852f4e2bc4f04e600cf367"
        },
        {
          "type": "image",
          "assetId": "lWLOdTk2s",
          "checksum": "03e40613240308ee718779547321f780"
        },
        {
          "assetId": "sJW2SjvbA4LuFhHrBsyfEH",
          "type": "projectCss",
          "checksum": "06ddf269fcf75c1464619e91203587ba"
        }
      ],
      "codegenVersion": "0.0.1"
    },
    {
      "projectId": "2vr9hQFY2mN9rEqhWxcPmu",
      "version": "1.20.0",
      "dependencies": {},
      "lang": "ts",
      "fileLocks": [
        {
          "assetId": "2vr9hQFY2mN9rEqhWxcPmu",
          "type": "projectCss",
          "checksum": "082f7d761f1e1bde58cec575ccadb3a4"
        },
        {
          "assetId": "2vr9hQFY2mN9rEqhWxcPmu",
          "checksum": "1bc80c37857ac7231859b24cb392dba5",
          "type": "globalContexts"
        }
      ],
      "codegenVersion": "0.0.1"
    }
  ],
  "cliVersion": "0.1.258"
}
